
Microsoft Visual Studio Solution File, Format Version 12.00
# Visual Studio 15
VisualStudioVersion = 15.0.26124.0
MinimumVisualStudioVersion = 15.0.26124.0
Project("{2150E333-8FDC-42A3-9474-1A3956D46DE8}") = "src", "src", "{DF78670C-7BC8-4524-85A4-F4099B44FBDB}"
EndProject
Project("{FAE04EC0-301F-11D3-BF4B-00C04F79EFBC}") = "Microservice.Whatevers.WebApi", "src\Microservice.Whatevers.WebApi\Microservice.Whatevers.WebApi.csproj", "{856245E7-94F3-48D0-9CBA-5C6A02701FC9}"
EndProject
Project("{FAE04EC0-301F-11D3-BF4B-00C04F79EFBC}") = "Microservice.Whatevers.Domain", "src\Microservice.Whatevers.Domain\Microservice.Whatevers.Domain.csproj", "{92109A1F-8567-4795-B1C7-D81EF4606183}"
EndProject
Project("{2150E333-8FDC-42A3-9474-1A3956D46DE8}") = "test", "test", "{32C79D5F-AFC9-4632-9F79-5CE6204B5D5C}"
EndProject
Project("{FAE04EC0-301F-11D3-BF4B-00C04F79EFBC}") = "Microservice.Whatevers.Domain.Tests", "test\Microservice.Whatevers.Domain.Tests\Microservice.Whatevers.Domain.Tests.csproj", "{5FB4B62C-6A7E-4BD5-AB7A-30FC74C1F65D}"
EndProject
Project("{FAE04EC0-301F-11D3-BF4B-00C04F79EFBC}") = "Microservice.Whatevers.Repositories", "src\Microservice.Whatevers.Repositories\Microservice.Whatevers.Repositories.csproj", "{17727344-D1CB-410B-AC64-14052A9791B4}"
EndProject
Global
	GlobalSection(SolutionConfigurationPlatforms) = preSolution
		Debug|Any CPU = Debug|Any CPU
		Debug|x64 = Debug|x64
		Debug|x86 = Debug|x86
		Release|Any CPU = Release|Any CPU
		Release|x64 = Release|x64
		Release|x86 = Release|x86
	EndGlobalSection
	GlobalSection(SolutionProperties) = preSolution
		HideSolutionNode = FALSE
	EndGlobalSection
	GlobalSection(ProjectConfigurationPlatforms) = postSolution
		{856245E7-94F3-48D0-9CBA-5C6A02701FC9}.Debug|Any CPU.ActiveCfg = Debug|Any CPU
		{856245E7-94F3-48D0-9CBA-5C6A02701FC9}.Debug|Any CPU.Build.0 = Debug|Any CPU
		{856245E7-94F3-48D0-9CBA-5C6A02701FC9}.Debug|x64.ActiveCfg = Debug|Any CPU
		{856245E7-94F3-48D0-9CBA-5C6A02701FC9}.Debug|x64.Build.0 = Debug|Any CPU
		{856245E7-94F3-48D0-9CBA-5C6A02701FC9}.Debug|x86.ActiveCfg = Debug|Any CPU
		{856245E7-94F3-48D0-9CBA-5C6A02701FC9}.Debug|x86.Build.0 = Debug|Any CPU
		{856245E7-94F3-48D0-9CBA-5C6A02701FC9}.Release|Any CPU.ActiveCfg = Release|Any CPU
		{856245E7-94F3-48D0-9CBA-5C6A02701FC9}.Release|Any CPU.Build.0 = Release|Any CPU
		{856245E7-94F3-48D0-9CBA-5C6A02701FC9}.Release|x64.ActiveCfg = Release|Any CPU
		{856245E7-94F3-48D0-9CBA-5C6A02701FC9}.Release|x64.Build.0 = Release|Any CPU
		{856245E7-94F3-48D0-9CBA-5C6A02701FC9}.Release|x86.ActiveCfg = Release|Any CPU
		{856245E7-94F3-48D0-9CBA-5C6A02701FC9}.Release|x86.Build.0 = Release|Any CPU
		{92109A1F-8567-4795-B1C7-D81EF4606183}.Debug|Any CPU.ActiveCfg = Debug|Any CPU
		{92109A1F-8567-4795-B1C7-D81EF4606183}.Debug|Any CPU.Build.0 = Debug|Any CPU
		{92109A1F-8567-4795-B1C7-D81EF4606183}.Debug|x64.ActiveCfg = Debug|Any CPU
		{92109A1F-8567-4795-B1C7-D81EF4606183}.Debug|x64.Build.0 = Debug|Any CPU
		{92109A1F-8567-4795-B1C7-D81EF4606183}.Debug|x86.ActiveCfg = Debug|Any CPU
		{92109A1F-8567-4795-B1C7-D81EF4606183}.Debug|x86.Build.0 = Debug|Any CPU
		{92109A1F-8567-4795-B1C7-D81EF4606183}.Release|Any CPU.ActiveCfg = Release|Any CPU
		{92109A1F-8567-4795-B1C7-D81EF4606183}.Release|Any CPU.Build.0 = Release|Any CPU
		{92109A1F-8567-4795-B1C7-D81EF4606183}.Release|x64.ActiveCfg = Release|Any CPU
		{92109A1F-8567-4795-B1C7-D81EF4606183}.Release|x64.Build.0 = Release|Any CPU
		{92109A1F-8567-4795-B1C7-D81EF4606183}.Release|x86.ActiveCfg = Release|Any CPU
		{92109A1F-8567-4795-B1C7-D81EF4606183}.Release|x86.Build.0 = Release|Any CPU
		{5FB4B62C-6A7E-4BD5-AB7A-30FC74C1F65D}.Debug|Any CPU.ActiveCfg = Debug|Any CPU
		{5FB4B62C-6A7E-4BD5-AB7A-30FC74C1F65D}.Debug|Any CPU.Build.0 = Debug|Any CPU
		{5FB4B62C-6A7E-4BD5-AB7A-30FC74C1F65D}.Debug|x64.ActiveCfg = Debug|Any CPU
		{5FB4B62C-6A7E-4BD5-AB7A-30FC74C1F65D}.Debug|x64.Build.0 = Debug|Any CPU
		{5FB4B62C-6A7E-4BD5-AB7A-30FC74C1F65D}.Debug|x86.ActiveCfg = Debug|Any CPU
		{5FB4B62C-6A7E-4BD5-AB7A-30FC74C1F65D}.Debug|x86.Build.0 = Debug|Any CPU
		{5FB4B62C-6A7E-4BD5-AB7A-30FC74C1F65D}.Release|Any CPU.ActiveCfg = Release|Any CPU
		{5FB4B62C-6A7E-4BD5-AB7A-30FC74C1F65D}.Release|Any CPU.Build.0 = Release|Any CPU
		{5FB4B62C-6A7E-4BD5-AB7A-30FC74C1F65D}.Release|x64.ActiveCfg = Release|Any CPU
		{5FB4B62C-6A7E-4BD5-AB7A-30FC74C1F65D}.Release|x64.Build.0 = Release|Any CPU
		{5FB4B62C-6A7E-4BD5-AB7A-30FC74C1F65D}.Release|x86.ActiveCfg = Release|Any CPU
		{5FB4B62C-6A7E-4BD5-AB7A-30FC74C1F65D}.Release|x86.Build.0 = Release|Any CPU
		{17727344-D1CB-410B-AC64-14052A9791B4}.Debug|Any CPU.ActiveCfg = Debug|Any CPU
		{17727344-D1CB-410B-AC64-14052A9791B4}.Debug|Any CPU.Build.0 = Debug|Any CPU
		{17727344-D1CB-410B-AC64-14052A9791B4}.Debug|x64.ActiveCfg = Debug|Any CPU
		{17727344-D1CB-410B-AC64-14052A9791B4}.Debug|x64.Build.0 = Debug|Any CPU
		{17727344-D1CB-410B-AC64-14052A9791B4}.Debug|x86.ActiveCfg = Debug|Any CPU
		{17727344-D1CB-410B-AC64-14052A9791B4}.Debug|x86.Build.0 = Debug|Any CPU
		{17727344-D1CB-410B-AC64-14052A9791B4}.Release|Any CPU.ActiveCfg = Release|Any CPU
		{17727344-D1CB-410B-AC64-14052A9791B4}.Release|Any CPU.Build.0 = Release|Any CPU
		{17727344-D1CB-410B-AC64-14052A9791B4}.Release|x64.ActiveCfg = Release|Any CPU
		{17727344-D1CB-410B-AC64-14052A9791B4}.Release|x64.Build.0 = Release|Any CPU
		{17727344-D1CB-410B-AC64-14052A9791B4}.Release|x86.ActiveCfg = Release|Any CPU
		{17727344-D1CB-410B-AC64-14052A9791B4}.Release|x86.Build.0 = Release|Any CPU
	EndGlobalSection
	GlobalSection(NestedProjects) = preSolution
		{856245E7-94F3-48D0-9CBA-5C6A02701FC9} = {DF78670C-7BC8-4524-85A4-F4099B44FBDB}
		{92109A1F-8567-4795-B1C7-D81EF4606183} = {DF78670C-7BC8-4524-85A4-F4099B44FBDB}
		{5FB4B62C-6A7E-4BD5-AB7A-30FC74C1F65D} = {32C79D5F-AFC9-4632-9F79-5CE6204B5D5C}
		{17727344-D1CB-410B-AC64-14052A9791B4} = {DF78670C-7BC8-4524-85A4-F4099B44FBDB}
	EndGlobalSection
EndGlobal
